
Microsoft Visual Studio Solution File, Format Version 12.00
# Visual Studio Version 17
VisualStudioVersion = 17.5.002.0
MinimumVisualStudioVersion = 10.0.40219.1
Project("{9A19103F-16F7-4668-BE54-9A1E7A4F7556}") = "Z1", "Z1\Z1.csproj", "{E8A2EA1C-1F29-4B7E-AFA2-023A25CC2C78}"
EndProject
Global
	GlobalSection(SolutionConfigurationPlatforms) = preSolution
		Debug|Any CPU = Debug|Any CPU
		Release|Any CPU = Release|Any CPU
	EndGlobalSection
	GlobalSection(ProjectConfigurationPlatforms) = postSolution
		{E8A2EA1C-1F29-4B7E-AFA2-023A25CC2C78}.Debug|Any CPU.ActiveCfg = Debug|Any CPU
		{E8A2EA1C-1F29-4B7E-AFA2-023A25CC2C78}.Debug|Any CPU.Build.0 = Debug|Any CPU
		{E8A2EA1C-1F29-4B7E-AFA2-023A25CC2C78}.Release|Any CPU.ActiveCfg = Release|Any CPU
		{E8A2EA1C-1F29-4B7E-AFA2-023A25CC2C78}.Release|Any CPU.Build.0 = Release|Any CPU
	EndGlobalSection
	GlobalSection(SolutionProperties) = preSolution
		HideSolutionNode = FALSE
	EndGlobalSection
	GlobalSection(ExtensibilityGlobals) = postSolution
		SolutionGuid = {F2EE7AB3-1BA0-45A5-AF58-C924A1EBEE0F}
	EndGlobalSection
EndGlobal
